<?xml version="1.0" encoding="utf-8"?>
<Project ToolsVersion="4.0" xmlns="http://schemas.microsoft.com/developer/msbuild/2003">
  <ItemGroup>
    <ClCompile Include="pch.cpp" />
    <ClCompile Include="Console\ConsoleAPI.cpp">
      <Filter>Console</Filter>
    </ClCompile>
    <ClCompile Include="Console\Logger.cpp">
      <Filter>Console</Filter>
    </ClCompile>
    <ClCompile Include="Base\Core.cpp">
      <Filter>Base</Filter>
    </ClCompile>
    <ClCompile Include="Events\EventManager.cpp">
      <Filter>Events</Filter>
    </ClCompile>
    <ClCompile Include="Events\EventRouter.cpp">
      <Filter>Events</Filter>
    </ClCompile>
    <ClCompile Include="Input\InputSystem.cpp">
      <Filter>Input</Filter>
    </ClCompile>
    <ClCompile Include="Util\StringUtil.cpp">
      <Filter>Util</Filter>
    </ClCompile>
    <ClCompile Include="System\Config.cpp">
      <Filter>System</Filter>
    </ClCompile>
    <ClCompile Include="System\Exception.cpp">
      <Filter>System</Filter>
    </ClCompile>
    <ClCompile Include="System\Duration.cpp">
      <Filter>System</Filter>
    </ClCompile>
    <ClCompile Include="System\Time.cpp">
      <Filter>System</Filter>
    </ClCompile>
    <ClCompile Include="Base\Module.cpp">
      <Filter>Base</Filter>
    </ClCompile>
    <ClCompile Include="Util\FileUtil.cpp">
      <Filter>Util</Filter>
    </ClCompile>
    <ClCompile Include="Console\ConsoleCommandManager.cpp">
      <Filter>Console</Filter>
    </ClCompile>
    <ClCompile Include="Base\ModuleThread.cpp">
      <Filter>Base</Filter>
    </ClCompile>
    <ClCompile Include="Console\ConsoleInputParser.cpp">
      <Filter>Console</Filter>
    </ClCompile>
    <ClCompile Include="Debug\Profiler.cpp">
      <Filter>Debug</Filter>
    </ClCompile>
    <ClCompile Include="Debug\ProfilerManager.cpp">
      <Filter>Debug</Filter>
    </ClCompile>
    <ClCompile Include="Gfx\RenderingModule.cpp">
      <Filter>Gfx</Filter>
    </ClCompile>
    <ClCompile Include="Console\ConsoleHistory.cpp">
      <Filter>Console</Filter>
    </ClCompile>
    <ClCompile Include="Base\SubModule.cpp">
      <Filter>Base</Filter>
    </ClCompile>
    <ClCompile Include="Gfx\DebugTextSubModule.cpp">
      <Filter>Gfx</Filter>
    </ClCompile>
    <ClCompile Include="Gfx\FPSTrackerSubModule.cpp">
      <Filter>Gfx</Filter>
    </ClCompile>
    <ClCompile Include="Base\WindowManager.cpp">
      <Filter>Base</Filter>
    </ClCompile>
    <ClCompile Include="Scene\SceneManager.cpp">
      <Filter>Scene</Filter>
    </ClCompile>
    <ClCompile Include="Scene\Entity.cpp">
      <Filter>Scene</Filter>
    </ClCompile>
    <ClCompile Include="Threading\Mutex.cpp">
      <Filter>Threading</Filter>
    </ClCompile>
    <ClCompile Include="Threading\Thread.cpp">
      <Filter>Threading</Filter>
    </ClCompile>
    <ClCompile Include="Threading\ThreadInfoManager.cpp">
      <Filter>Threading</Filter>
    </ClCompile>
    <ClCompile Include="Threading\Dispatcher.cpp">
      <Filter>Threading</Filter>
    </ClCompile>
    <ClCompile Include="Scene\SceneManager_Console.cpp">
      <Filter>Scene</Filter>
    </ClCompile>
    <ClCompile Include="Util\Random.cpp">
      <Filter>Util</Filter>
    </ClCompile>
    <ClCompile Include="Util\Util_Console.cpp">
      <Filter>Util</Filter>
    </ClCompile>
    <ClCompile Include="Gfx\RenderableComponent.cpp">
      <Filter>Gfx</Filter>
    </ClCompile>
    <ClCompile Include="System\Version.cpp">
      <Filter>System</Filter>
    </ClCompile>
    <ClCompile Include="System\CoreInfo.cpp">
      <Filter>System</Filter>
    </ClCompile>
    <ClCompile Include="Console\ScopedConsoleCommands.cpp">
      <Filter>Console</Filter>
    </ClCompile>
    <ClCompile Include="Gfx\DebugGeometrySubModule.cpp">
      <Filter>Gfx</Filter>
    </ClCompile>
    <ClCompile Include="Gfx\Vulkan\API.cpp">
      <Filter>Gfx\Vulkan</Filter>
    </ClCompile>
    <ClCompile Include="Gfx\Vulkan\Constants.cpp">
      <Filter>Gfx\Vulkan</Filter>
    </ClCompile>
    <ClCompile Include="Gfx\Vulkan\DeviceCreateInfo.cpp">
      <Filter>Gfx\Vulkan</Filter>
    </ClCompile>
    <ClCompile Include="Gfx\Vulkan\System.cpp">
      <Filter>Gfx\Vulkan</Filter>
    </ClCompile>
    <ClCompile Include="Gfx\Vulkan\Util.cpp">
      <Filter>Gfx\Vulkan</Filter>
    </ClCompile>
    <ClCompile Include="Gfx\Vulkan\DepthStencilBuffer.cpp">
      <Filter>Gfx\Vulkan</Filter>
    </ClCompile>
    <ClCompile Include="Gfx\Vulkan\CommandBuffer.cpp">
      <Filter>Gfx\Vulkan</Filter>
    </ClCompile>
    <ClCompile Include="Gfx\Vulkan\CommandPool.cpp">
      <Filter>Gfx\Vulkan</Filter>
    </ClCompile>
    <ClCompile Include="Gfx\Vulkan\Device.cpp">
      <Filter>Gfx\Vulkan</Filter>
    </ClCompile>
    <ClCompile Include="Gfx\Vulkan\FrameBuffer.cpp">
      <Filter>Gfx\Vulkan</Filter>
    </ClCompile>
    <ClCompile Include="Gfx\Vulkan\Image.cpp">
      <Filter>Gfx\Vulkan</Filter>
    </ClCompile>
    <ClCompile Include="Gfx\Vulkan\ImageView.cpp">
      <Filter>Gfx\Vulkan</Filter>
    </ClCompile>
    <ClCompile Include="Gfx\Vulkan\Instance.cpp">
      <Filter>Gfx\Vulkan</Filter>
    </ClCompile>
    <ClCompile Include="Gfx\Vulkan\PhysicalDevice.cpp">
      <Filter>Gfx\Vulkan</Filter>
    </ClCompile>
    <ClCompile Include="Gfx\Vulkan\Queue.cpp">
      <Filter>Gfx\Vulkan</Filter>
    </ClCompile>
    <ClCompile Include="Gfx\Vulkan\RenderPass.cpp">
      <Filter>Gfx\Vulkan</Filter>
    </ClCompile>
    <ClCompile Include="Gfx\Vulkan\Semaphore.cpp">
      <Filter>Gfx\Vulkan</Filter>
    </ClCompile>
    <ClCompile Include="Gfx\Vulkan\Swapchain.cpp">
      <Filter>Gfx\Vulkan</Filter>
    </ClCompile>
    <ClCompile Include="Gfx\Vulkan\WindowSurface.cpp">
      <Filter>Gfx\Vulkan</Filter>
    </ClCompile>
    <ClCompile Include="Gfx\Vulkan\CommandBufferBatch.cpp">
      <Filter>Gfx\Vulkan</Filter>
    </ClCompile>
    <ClCompile Include="Gfx\Vulkan\CmdImageMemoryBarrier.cpp">
      <Filter>Gfx\Vulkan</Filter>
    </ClCompile>
  </ItemGroup>
  <ItemGroup>
    <ClInclude Include="pch.h" />
    <ClInclude Include="Console\ConsoleAPI.h">
      <Filter>Console</Filter>
    </ClInclude>
    <ClInclude Include="Console\Logger.h">
      <Filter>Console</Filter>
    </ClInclude>
    <ClInclude Include="Base\Core.h">
      <Filter>Base</Filter>
    </ClInclude>
    <ClInclude Include="Events\EventHandler.h">
      <Filter>Events</Filter>
    </ClInclude>
    <ClInclude Include="Events\EventManager.h">
      <Filter>Events</Filter>
    </ClInclude>
    <ClInclude Include="Events\EventRouter.h">
      <Filter>Events</Filter>
    </ClInclude>
    <ClInclude Include="Events\IEvent.h">
      <Filter>Events</Filter>
    </ClInclude>
    <ClInclude Include="Events\QueuedEvent.h">
      <Filter>Events</Filter>
    </ClInclude>
    <ClInclude Include="Input\InputEvents.h">
      <Filter>Input</Filter>
    </ClInclude>
    <ClInclude Include="Input\InputSystem.h">
      <Filter>Input</Filter>
    </ClInclude>
    <ClInclude Include="Input\KeyCodes.h">
      <Filter>Input</Filter>
    </ClInclude>
    <ClInclude Include="Util\StringUtil.h">
      <Filter>Util</Filter>
    </ClInclude>
    <ClInclude Include="System\Config.h">
      <Filter>System</Filter>
    </ClInclude>
    <ClInclude Include="System\Exception.h">
      <Filter>System</Filter>
    </ClInclude>
    <ClInclude Include="System\DllExport.h">
      <Filter>System</Filter>
    </ClInclude>
    <ClInclude Include="System\Duration.h">
      <Filter>System</Filter>
    </ClInclude>
    <ClInclude Include="System\Time.h">
      <Filter>System</Filter>
    </ClInclude>
    <ClInclude Include="Base\Module.h">
      <Filter>Base</Filter>
    </ClInclude>
    <ClInclude Include="Util\FileUtil.h">
      <Filter>Util</Filter>
    </ClInclude>
    <ClInclude Include="Console\ConsoleFunction.h">
      <Filter>Console</Filter>
    </ClInclude>
    <ClInclude Include="Console\ConsoleCommandManager.h">
      <Filter>Console</Filter>
    </ClInclude>
    <ClInclude Include="Base\ModuleThread.h">
      <Filter>Base</Filter>
    </ClInclude>
    <ClInclude Include="Events\EventQueue.h">
      <Filter>Events</Filter>
    </ClInclude>
    <ClInclude Include="System\Types.h">
      <Filter>System</Filter>
    </ClInclude>
    <ClInclude Include="Util\Algorithm.h">
      <Filter>Util</Filter>
    </ClInclude>
    <ClInclude Include="Base\CoreSettings.h">
      <Filter>Base</Filter>
    </ClInclude>
    <ClInclude Include="Console\ConsoleInputParser.h">
      <Filter>Console</Filter>
    </ClInclude>
    <ClInclude Include="Debug\Assert.h">
      <Filter>Debug</Filter>
    </ClInclude>
    <ClInclude Include="Debug\Profiler.h">
      <Filter>Debug</Filter>
    </ClInclude>
    <ClInclude Include="Debug\ProfilerManager.h">
      <Filter>Debug</Filter>
    </ClInclude>
    <ClInclude Include="Gfx\RenderingModule.h">
      <Filter>Gfx</Filter>
    </ClInclude>
    <ClInclude Include="Console\ConsoleHistory.h">
      <Filter>Console</Filter>
    </ClInclude>
    <ClInclude Include="Base\SubModule.h">
      <Filter>Base</Filter>
    </ClInclude>
    <ClInclude Include="Gfx\IRenderingAPI.h">
      <Filter>Gfx</Filter>
    </ClInclude>
    <ClInclude Include="Gfx\DebugTextSubModule.h">
      <Filter>Gfx</Filter>
    </ClInclude>
    <ClInclude Include="Gfx\DebugEvents.h">
      <Filter>Gfx</Filter>
    </ClInclude>
    <ClInclude Include="Gfx\FPSTrackerSubModule.h">
      <Filter>Gfx</Filter>
    </ClInclude>
    <ClInclude Include="Base\WindowManager.h">
      <Filter>Base</Filter>
    </ClInclude>
    <ClInclude Include="Base\SystemEvents.h">
      <Filter>Base</Filter>
    </ClInclude>
    <ClInclude Include="Scene\SceneManager.h">
      <Filter>Scene</Filter>
    </ClInclude>
    <ClInclude Include="Scene\Entity.h">
      <Filter>Scene</Filter>
    </ClInclude>
    <ClInclude Include="Scene\Component.h">
      <Filter>Scene</Filter>
    </ClInclude>
    <ClInclude Include="Threading\Mutex.h">
      <Filter>Threading</Filter>
    </ClInclude>
    <ClInclude Include="Threading\Thread.h">
      <Filter>Threading</Filter>
    </ClInclude>
    <ClInclude Include="Threading\ThreadInfoManager.h">
      <Filter>Threading</Filter>
    </ClInclude>
    <ClInclude Include="Threading\Dispatcher.h">
      <Filter>Threading</Filter>
    </ClInclude>
    <ClInclude Include="Util\Random.h">
      <Filter>Util</Filter>
    </ClInclude>
    <ClInclude Include="Util\Math.h">
      <Filter>Util</Filter>
    </ClInclude>
    <ClInclude Include="Util\Util_Console.h">
      <Filter>Util</Filter>
    </ClInclude>
    <ClInclude Include="Gfx\RenderableComponent.h">
      <Filter>Gfx</Filter>
    </ClInclude>
    <ClInclude Include="System\Version.h">
      <Filter>System</Filter>
    </ClInclude>
    <ClInclude Include="System\CoreInfo.h">
      <Filter>System</Filter>
    </ClInclude>
    <ClInclude Include="Console\ScopedConsoleCommands.h">
      <Filter>Console</Filter>
    </ClInclude>
    <ClInclude Include="System\StreamOperators.h">
      <Filter>System</Filter>
    </ClInclude>
    <ClInclude Include="Gfx\DebugGeometrySubModule.h">
      <Filter>Gfx</Filter>
    </ClInclude>
    <ClInclude Include="Gfx\Vulkan\API.h">
      <Filter>Gfx\Vulkan</Filter>
    </ClInclude>
    <ClInclude Include="Gfx\Vulkan\Constants.h">
      <Filter>Gfx\Vulkan</Filter>
    </ClInclude>
    <ClInclude Include="Gfx\Vulkan\DeviceCreateInfo.h">
      <Filter>Gfx\Vulkan</Filter>
    </ClInclude>
    <ClInclude Include="Gfx\Vulkan\System.h">
      <Filter>Gfx\Vulkan</Filter>
    </ClInclude>
    <ClInclude Include="Gfx\Vulkan\Types.h">
      <Filter>Gfx\Vulkan</Filter>
    </ClInclude>
    <ClInclude Include="Gfx\Vulkan\Util.h">
      <Filter>Gfx\Vulkan</Filter>
    </ClInclude>
    <ClInclude Include="Gfx\Vulkan\DepthStencilBuffer.h">
      <Filter>Gfx\Vulkan</Filter>
    </ClInclude>
    <ClInclude Include="Gfx\Vulkan\CommandBuffer.h">
      <Filter>Gfx\Vulkan</Filter>
    </ClInclude>
    <ClInclude Include="Gfx\Vulkan\CommandPool.h">
      <Filter>Gfx\Vulkan</Filter>
    </ClInclude>
    <ClInclude Include="Gfx\Vulkan\Device.h">
      <Filter>Gfx\Vulkan</Filter>
    </ClInclude>
    <ClInclude Include="Gfx\Vulkan\FrameBuffer.h">
      <Filter>Gfx\Vulkan</Filter>
    </ClInclude>
    <ClInclude Include="Gfx\Vulkan\Image.h">
      <Filter>Gfx\Vulkan</Filter>
    </ClInclude>
    <ClInclude Include="Gfx\Vulkan\ImageView.h">
      <Filter>Gfx\Vulkan</Filter>
    </ClInclude>
    <ClInclude Include="Gfx\Vulkan\Instance.h">
      <Filter>Gfx\Vulkan</Filter>
    </ClInclude>
    <ClInclude Include="Gfx\Vulkan\PhysicalDevice.h">
      <Filter>Gfx\Vulkan</Filter>
    </ClInclude>
    <ClInclude Include="Gfx\Vulkan\Queue.h">
      <Filter>Gfx\Vulkan</Filter>
    </ClInclude>
    <ClInclude Include="Gfx\Vulkan\RenderPass.h">
      <Filter>Gfx\Vulkan</Filter>
    </ClInclude>
    <ClInclude Include="Gfx\Vulkan\Semaphore.h">
      <Filter>Gfx\Vulkan</Filter>
    </ClInclude>
    <ClInclude Include="Gfx\Vulkan\Swapchain.h">
      <Filter>Gfx\Vulkan</Filter>
    </ClInclude>
    <ClInclude Include="Gfx\Vulkan\WindowSurface.h">
      <Filter>Gfx\Vulkan</Filter>
    </ClInclude>
    <ClInclude Include="Gfx\Vulkan\CommandBufferBatch.h">
      <Filter>Gfx\Vulkan</Filter>
    </ClInclude>
    <ClInclude Include="Gfx\Vulkan\CmdImageMemoryBarrier.h">
      <Filter>Gfx\Vulkan</Filter>
    </ClInclude>
  </ItemGroup>
  <ItemGroup>
    <Filter Include="Util">
      <UniqueIdentifier>{508386be-99b4-4f1f-84d1-a55bbc32819d}</UniqueIdentifier>
    </Filter>
    <Filter Include="Events">
      <UniqueIdentifier>{ddf4f2fb-997d-4c4f-8091-af6540c80219}</UniqueIdentifier>
    </Filter>
    <Filter Include="Input">
      <UniqueIdentifier>{fb741e00-3219-4979-9226-7632a9f9971f}</UniqueIdentifier>
    </Filter>
    <Filter Include="Console">
      <UniqueIdentifier>{5a3d1c73-ff04-4f9a-a64f-bbb5b9b15d1b}</UniqueIdentifier>
    </Filter>
    <Filter Include="Base">
      <UniqueIdentifier>{f55bc3a6-1071-4119-8ba7-85350ef4c6c2}</UniqueIdentifier>
    </Filter>
    <Filter Include="System">
      <UniqueIdentifier>{a46c3953-987d-454e-9d71-60a857659919}</UniqueIdentifier>
    </Filter>
    <Filter Include="Debug">
      <UniqueIdentifier>{09768996-1543-40e4-ae20-d580a453246c}</UniqueIdentifier>
    </Filter>
    <Filter Include="Gfx">
      <UniqueIdentifier>{d1821ec8-2d2f-4268-8503-d363412c0779}</UniqueIdentifier>
    </Filter>
    <Filter Include="Scene">
      <UniqueIdentifier>{aa60566d-635c-47f9-97c0-04a02b54832c}</UniqueIdentifier>
    </Filter>
    <Filter Include="Threading">
      <UniqueIdentifier>{d4337952-0268-4c09-ae16-f9acad754a25}</UniqueIdentifier>
    </Filter>
    <Filter Include="Gfx\Vulkan">
      <UniqueIdentifier>{d49e3854-cd48-4461-b5ea-f8a9a531eb23}</UniqueIdentifier>
    </Filter>
  </ItemGroup>
</Project>