<?xml version="1.0" encoding="utf-8"?>
<Project ToolsVersion="4.0" xmlns="http://schemas.microsoft.com/developer/msbuild/2003">
  <ItemGroup>
    <ClCompile Include="Logger.cpp" />
    <ClCompile Include="pch.cpp" />
  </ItemGroup>
  <ItemGroup>
    <ClInclude Include="Logger.h" />
    <ClInclude Include="pch.h" />
    <ClInclude Include="Macros.h">
      <Filter>Core</Filter>
    </ClInclude>
  </ItemGroup>
  <ItemGroup>
    <Filter Include="Core">
      <UniqueIdentifier>{f55bc3a6-1071-4119-8ba7-85350ef4c6c2}</UniqueIdentifier>
    </Filter>
  </ItemGroup>
</Project>