<?xml version="1.0" encoding="utf-8"?>
<Project ToolsVersion="4.0" xmlns="http://schemas.microsoft.com/developer/msbuild/2003">
  <ItemGroup>
    <ClCompile Include="pch.cpp" />
    <ClCompile Include="Console\ConsoleAPI.cpp">
      <Filter>Console</Filter>
    </ClCompile>
    <ClCompile Include="Console\ConsoleInputHandler.cpp">
      <Filter>Console</Filter>
    </ClCompile>
    <ClCompile Include="Console\Logger.cpp">
      <Filter>Console</Filter>
    </ClCompile>
    <ClCompile Include="Base\Core.cpp">
      <Filter>Base</Filter>
    </ClCompile>
    <ClCompile Include="Base\WindowManager.cpp">
      <Filter>Base</Filter>
    </ClCompile>
    <ClCompile Include="Events\EventManager.cpp">
      <Filter>Events</Filter>
    </ClCompile>
    <ClCompile Include="Events\EventRouter.cpp">
      <Filter>Events</Filter>
    </ClCompile>
    <ClCompile Include="Input\InputSystem.cpp">
      <Filter>Input</Filter>
    </ClCompile>
    <ClCompile Include="Util\StringUtil.cpp">
      <Filter>Util</Filter>
    </ClCompile>
    <ClCompile Include="System\Config.cpp">
      <Filter>System</Filter>
    </ClCompile>
    <ClCompile Include="System\Exception.cpp">
      <Filter>System</Filter>
    </ClCompile>
    <ClCompile Include="System\Duration.cpp">
      <Filter>System</Filter>
    </ClCompile>
    <ClCompile Include="System\Time.cpp">
      <Filter>System</Filter>
    </ClCompile>
    <ClCompile Include="Base\Module.cpp">
      <Filter>Base</Filter>
    </ClCompile>
    <ClCompile Include="Base\ModuleManager.cpp">
      <Filter>Base</Filter>
    </ClCompile>
    <ClCompile Include="Util\FileUtil.cpp">
      <Filter>Util</Filter>
    </ClCompile>
    <ClCompile Include="Console\ConsoleFunctionManager.cpp">
      <Filter>Console</Filter>
    </ClCompile>
    <ClCompile Include="Console\ConsoleFunctionRouter.cpp">
      <Filter>Console</Filter>
    </ClCompile>
    <ClCompile Include="Console\ConsoleCommand.cpp">
      <Filter>Console</Filter>
    </ClCompile>
    <ClCompile Include="Console\ModuleConsoleManager.cpp">
      <Filter>Console</Filter>
    </ClCompile>
  </ItemGroup>
  <ItemGroup>
    <ClInclude Include="pch.h" />
    <ClInclude Include="Console\ConsoleAPI.h">
      <Filter>Console</Filter>
    </ClInclude>
    <ClInclude Include="Console\ConsoleInputHandler.h">
      <Filter>Console</Filter>
    </ClInclude>
    <ClInclude Include="Console\Logger.h">
      <Filter>Console</Filter>
    </ClInclude>
    <ClInclude Include="Base\Core.h">
      <Filter>Base</Filter>
    </ClInclude>
    <ClInclude Include="Base\WindowManager.h">
      <Filter>Base</Filter>
    </ClInclude>
    <ClInclude Include="Events\EventCollector.h">
      <Filter>Events</Filter>
    </ClInclude>
    <ClInclude Include="Events\EventHandler.h">
      <Filter>Events</Filter>
    </ClInclude>
    <ClInclude Include="Events\EventManager.h">
      <Filter>Events</Filter>
    </ClInclude>
    <ClInclude Include="Events\EventRouter.h">
      <Filter>Events</Filter>
    </ClInclude>
    <ClInclude Include="Events\IEvent.h">
      <Filter>Events</Filter>
    </ClInclude>
    <ClInclude Include="Events\QueuedEvent.h">
      <Filter>Events</Filter>
    </ClInclude>
    <ClInclude Include="Input\InputEvents.h">
      <Filter>Input</Filter>
    </ClInclude>
    <ClInclude Include="Input\InputSystem.h">
      <Filter>Input</Filter>
    </ClInclude>
    <ClInclude Include="Input\KeyCodes.h">
      <Filter>Input</Filter>
    </ClInclude>
    <ClInclude Include="Util\StringUtil.h">
      <Filter>Util</Filter>
    </ClInclude>
    <ClInclude Include="System\Config.h">
      <Filter>System</Filter>
    </ClInclude>
    <ClInclude Include="System\Exception.h">
      <Filter>System</Filter>
    </ClInclude>
    <ClInclude Include="System\Version.h">
      <Filter>System</Filter>
    </ClInclude>
    <ClInclude Include="System\DllExport.h">
      <Filter>System</Filter>
    </ClInclude>
    <ClInclude Include="System\Duration.h">
      <Filter>System</Filter>
    </ClInclude>
    <ClInclude Include="System\Time.h">
      <Filter>System</Filter>
    </ClInclude>
    <ClInclude Include="Base\Module.h">
      <Filter>Base</Filter>
    </ClInclude>
    <ClInclude Include="Base\ModuleManager.h">
      <Filter>Base</Filter>
    </ClInclude>
    <ClInclude Include="Util\FileUtil.h">
      <Filter>Util</Filter>
    </ClInclude>
    <ClInclude Include="Console\ConsoleFunctionManager.h">
      <Filter>Console</Filter>
    </ClInclude>
    <ClInclude Include="Console\ConsoleFunction.h">
      <Filter>Console</Filter>
    </ClInclude>
    <ClInclude Include="Console\ConsoleFunctionRouter.h">
      <Filter>Console</Filter>
    </ClInclude>
    <ClInclude Include="Console\ConsoleCommand.h">
      <Filter>Console</Filter>
    </ClInclude>
    <ClInclude Include="Console\ModuleConsoleManager.h">
      <Filter>Console</Filter>
    </ClInclude>
  </ItemGroup>
  <ItemGroup>
    <Filter Include="Util">
      <UniqueIdentifier>{508386be-99b4-4f1f-84d1-a55bbc32819d}</UniqueIdentifier>
    </Filter>
    <Filter Include="Events">
      <UniqueIdentifier>{ddf4f2fb-997d-4c4f-8091-af6540c80219}</UniqueIdentifier>
    </Filter>
    <Filter Include="Input">
      <UniqueIdentifier>{fb741e00-3219-4979-9226-7632a9f9971f}</UniqueIdentifier>
    </Filter>
    <Filter Include="Console">
      <UniqueIdentifier>{5a3d1c73-ff04-4f9a-a64f-bbb5b9b15d1b}</UniqueIdentifier>
    </Filter>
    <Filter Include="Base">
      <UniqueIdentifier>{f55bc3a6-1071-4119-8ba7-85350ef4c6c2}</UniqueIdentifier>
    </Filter>
    <Filter Include="System">
      <UniqueIdentifier>{a46c3953-987d-454e-9d71-60a857659919}</UniqueIdentifier>
    </Filter>
  </ItemGroup>
</Project>